// !$*UTF8*$!
{
	archiveVersion = 1;
	classes = {
	};
	objectVersion = 46;
	objects = {

/* Begin PBXBuildFile section */
		AB0075A31557E1FB00C9B5C8 /* wifiWhiteIcon.png in Resources */ = {isa = PBXBuildFile; fileRef = AB0075A21557E1FB00C9B5C8 /* wifiWhiteIcon.png */; };
		AB0075A71557E6A300C9B5C8 /* toiletIcon.png in Resources */ = {isa = PBXBuildFile; fileRef = AB0075A61557E6A300C9B5C8 /* toiletIcon.png */; };
		AB149FE91552C58600E6D405 /* plusIcon.png in Resources */ = {isa = PBXBuildFile; fileRef = AB149FE61552C58600E6D405 /* plusIcon.png */; };
		AB149FEA1552C58600E6D405 /* questionIcon.png in Resources */ = {isa = PBXBuildFile; fileRef = AB149FE71552C58600E6D405 /* questionIcon.png */; };
		AB149FEC1552C6C900E6D405 /* clockIcon.png in Resources */ = {isa = PBXBuildFile; fileRef = AB149FEB1552C6C900E6D405 /* clockIcon.png */; };
		AB3C917C15564C380083FE0B /* messageBoxViewController.m in Sources */ = {isa = PBXBuildFile; fileRef = AB3C917B15564C380083FE0B /* messageBoxViewController.m */; };
		AB3F2B541559102A007B5FFD /* newCafeAddWindow.m in Sources */ = {isa = PBXBuildFile; fileRef = AB3F2B531559102A007B5FFD /* newCafeAddWindow.m */; };
		AB3F35B51555111800E089B7 /* annotationDetailViewer.m in Sources */ = {isa = PBXBuildFile; fileRef = AB3F35B41555111800E089B7 /* annotationDetailViewer.m */; };
		AB49D71A151EEB4100EB2E0D /* menuViewController.m in Sources */ = {isa = PBXBuildFile; fileRef = AB49D719151EEB4100EB2E0D /* menuViewController.m */; };
		AB6CA89B151C1BE600B14B5C /* SlidingMessageViewController.m in Sources */ = {isa = PBXBuildFile; fileRef = AB6CA89A151C1BE600B14B5C /* SlidingMessageViewController.m */; };
		AB6EAE3215181E29005D8415 /* Default@2x.png in Resources */ = {isa = PBXBuildFile; fileRef = AB84DB8515172A520088DF73 /* Default@2x.png */; };
		AB6EAE3315181E2E005D8415 /* Default.png in Resources */ = {isa = PBXBuildFile; fileRef = AB84DB8715172A550088DF73 /* Default.png */; };
		AB80672315164E5A00BC4CD9 /* UIKit.framework in Frameworks */ = {isa = PBXBuildFile; fileRef = AB80672215164E5A00BC4CD9 /* UIKit.framework */; };
		AB80672515164E5A00BC4CD9 /* Foundation.framework in Frameworks */ = {isa = PBXBuildFile; fileRef = AB80672415164E5A00BC4CD9 /* Foundation.framework */; };
		AB80672715164E5A00BC4CD9 /* CoreGraphics.framework in Frameworks */ = {isa = PBXBuildFile; fileRef = AB80672615164E5A00BC4CD9 /* CoreGraphics.framework */; };
		AB80672D15164E5A00BC4CD9 /* InfoPlist.strings in Resources */ = {isa = PBXBuildFile; fileRef = AB80672B15164E5A00BC4CD9 /* InfoPlist.strings */; };
		AB80672F15164E5A00BC4CD9 /* main.m in Sources */ = {isa = PBXBuildFile; fileRef = AB80672E15164E5A00BC4CD9 /* main.m */; };
		AB80673315164E5A00BC4CD9 /* AppDelegate.m in Sources */ = {isa = PBXBuildFile; fileRef = AB80673215164E5A00BC4CD9 /* AppDelegate.m */; };
		AB80673615164E5A00BC4CD9 /* ViewController.m in Sources */ = {isa = PBXBuildFile; fileRef = AB80673515164E5A00BC4CD9 /* ViewController.m */; };
		AB80673915164E5A00BC4CD9 /* ViewController_iPhone.xib in Resources */ = {isa = PBXBuildFile; fileRef = AB80673715164E5A00BC4CD9 /* ViewController_iPhone.xib */; };
		AB80674415164E5A00BC4CD9 /* SenTestingKit.framework in Frameworks */ = {isa = PBXBuildFile; fileRef = AB80674315164E5A00BC4CD9 /* SenTestingKit.framework */; };
		AB80674515164E5A00BC4CD9 /* UIKit.framework in Frameworks */ = {isa = PBXBuildFile; fileRef = AB80672215164E5A00BC4CD9 /* UIKit.framework */; };
		AB80674615164E5A00BC4CD9 /* Foundation.framework in Frameworks */ = {isa = PBXBuildFile; fileRef = AB80672415164E5A00BC4CD9 /* Foundation.framework */; };
		AB80674E15164E5A00BC4CD9 /* InfoPlist.strings in Resources */ = {isa = PBXBuildFile; fileRef = AB80674C15164E5A00BC4CD9 /* InfoPlist.strings */; };
		AB80675115164E5A00BC4CD9 /* stillOpenTests.m in Sources */ = {isa = PBXBuildFile; fileRef = AB80675015164E5A00BC4CD9 /* stillOpenTests.m */; };
		AB80675B15164E7700BC4CD9 /* MapKit.framework in Frameworks */ = {isa = PBXBuildFile; fileRef = AB80675A15164E7700BC4CD9 /* MapKit.framework */; };
		AB80676115164F3700BC4CD9 /* waffle_logo.png in Resources */ = {isa = PBXBuildFile; fileRef = AB80676015164F3700BC4CD9 /* waffle_logo.png */; };
		AB80676315164F5E00BC4CD9 /* waffle_logo2.png in Resources */ = {isa = PBXBuildFile; fileRef = AB80676215164F5E00BC4CD9 /* waffle_logo2.png */; };
		AB80676E151650AD00BC4CD9 /* storeAnnotation.m in Sources */ = {isa = PBXBuildFile; fileRef = AB80676D151650AD00BC4CD9 /* storeAnnotation.m */; };
		AB8C89EB1551692C00359B5E /* requestHTTP.m in Sources */ = {isa = PBXBuildFile; fileRef = AB8C89EA1551692C00359B5E /* requestHTTP.m */; };
		ABAA1EF315175D1400C315E6 /* orangePin.png in Resources */ = {isa = PBXBuildFile; fileRef = ABAA1EF215175D1400C315E6 /* orangePin.png */; };
		ABED196C151B61110012580A /* CoreLocation.framework in Frameworks */ = {isa = PBXBuildFile; fileRef = ABED196B151B61110012580A /* CoreLocation.framework */; };
/* End PBXBuildFile section */

/* Begin PBXContainerItemProxy section */
		AB80674715164E5A00BC4CD9 /* PBXContainerItemProxy */ = {
			isa = PBXContainerItemProxy;
			containerPortal = AB80671515164E5900BC4CD9 /* Project object */;
			proxyType = 1;
			remoteGlobalIDString = AB80671D15164E5A00BC4CD9;
			remoteInfo = stillOpen;
		};
/* End PBXContainerItemProxy section */

/* Begin PBXFileReference section */
		AB0075A21557E1FB00C9B5C8 /* wifiWhiteIcon.png */ = {isa = PBXFileReference; lastKnownFileType = image.png; path = wifiWhiteIcon.png; sourceTree = "<group>"; };
		AB0075A61557E6A300C9B5C8 /* toiletIcon.png */ = {isa = PBXFileReference; lastKnownFileType = image.png; path = toiletIcon.png; sourceTree = "<group>"; };
		AB149FE61552C58600E6D405 /* plusIcon.png */ = {isa = PBXFileReference; lastKnownFileType = image.png; path = plusIcon.png; sourceTree = "<group>"; };
		AB149FE71552C58600E6D405 /* questionIcon.png */ = {isa = PBXFileReference; lastKnownFileType = image.png; path = questionIcon.png; sourceTree = "<group>"; };
		AB149FEB1552C6C900E6D405 /* clockIcon.png */ = {isa = PBXFileReference; lastKnownFileType = image.png; path = clockIcon.png; sourceTree = "<group>"; };
		AB3C917A15564C380083FE0B /* messageBoxViewController.h */ = {isa = PBXFileReference; fileEncoding = 4; lastKnownFileType = sourcecode.c.h; path = messageBoxViewController.h; sourceTree = "<group>"; };
		AB3C917B15564C380083FE0B /* messageBoxViewController.m */ = {isa = PBXFileReference; fileEncoding = 4; lastKnownFileType = sourcecode.c.objc; path = messageBoxViewController.m; sourceTree = "<group>"; };
		AB3F2B521559102A007B5FFD /* newCafeAddWindow.h */ = {isa = PBXFileReference; fileEncoding = 4; lastKnownFileType = sourcecode.c.h; path = newCafeAddWindow.h; sourceTree = "<group>"; };
		AB3F2B531559102A007B5FFD /* newCafeAddWindow.m */ = {isa = PBXFileReference; fileEncoding = 4; lastKnownFileType = sourcecode.c.objc; path = newCafeAddWindow.m; sourceTree = "<group>"; };
		AB3F35B31555111800E089B7 /* annotationDetailViewer.h */ = {isa = PBXFileReference; fileEncoding = 4; lastKnownFileType = sourcecode.c.h; path = annotationDetailViewer.h; sourceTree = "<group>"; };
		AB3F35B41555111800E089B7 /* annotationDetailViewer.m */ = {isa = PBXFileReference; fileEncoding = 4; lastKnownFileType = sourcecode.c.objc; path = annotationDetailViewer.m; sourceTree = "<group>"; };
		AB49D718151EEB4100EB2E0D /* menuViewController.h */ = {isa = PBXFileReference; fileEncoding = 4; lastKnownFileType = sourcecode.c.h; path = menuViewController.h; sourceTree = "<group>"; };
		AB49D719151EEB4100EB2E0D /* menuViewController.m */ = {isa = PBXFileReference; fileEncoding = 4; lastKnownFileType = sourcecode.c.objc; path = menuViewController.m; sourceTree = "<group>"; };
		AB6CA899151C1BE600B14B5C /* SlidingMessageViewController.h */ = {isa = PBXFileReference; fileEncoding = 4; lastKnownFileType = sourcecode.c.h; path = SlidingMessageViewController.h; sourceTree = "<group>"; };
		AB6CA89A151C1BE600B14B5C /* SlidingMessageViewController.m */ = {isa = PBXFileReference; fileEncoding = 4; lastKnownFileType = sourcecode.c.objc; path = SlidingMessageViewController.m; sourceTree = "<group>"; };
		AB80671E15164E5A00BC4CD9 /* stillOpen.app */ = {isa = PBXFileReference; explicitFileType = wrapper.application; includeInIndex = 0; path = stillOpen.app; sourceTree = BUILT_PRODUCTS_DIR; };
		AB80672215164E5A00BC4CD9 /* UIKit.framework */ = {isa = PBXFileReference; lastKnownFileType = wrapper.framework; name = UIKit.framework; path = System/Library/Frameworks/UIKit.framework; sourceTree = SDKROOT; };
		AB80672415164E5A00BC4CD9 /* Foundation.framework */ = {isa = PBXFileReference; lastKnownFileType = wrapper.framework; name = Foundation.framework; path = System/Library/Frameworks/Foundation.framework; sourceTree = SDKROOT; };
		AB80672615164E5A00BC4CD9 /* CoreGraphics.framework */ = {isa = PBXFileReference; lastKnownFileType = wrapper.framework; name = CoreGraphics.framework; path = System/Library/Frameworks/CoreGraphics.framework; sourceTree = SDKROOT; };
		AB80672A15164E5A00BC4CD9 /* stillOpen-Info.plist */ = {isa = PBXFileReference; lastKnownFileType = text.plist.xml; path = "stillOpen-Info.plist"; sourceTree = "<group>"; };
		AB80672C15164E5A00BC4CD9 /* en */ = {isa = PBXFileReference; lastKnownFileType = text.plist.strings; name = en; path = en.lproj/InfoPlist.strings; sourceTree = "<group>"; };
		AB80672E15164E5A00BC4CD9 /* main.m */ = {isa = PBXFileReference; lastKnownFileType = sourcecode.c.objc; path = main.m; sourceTree = "<group>"; };
		AB80673015164E5A00BC4CD9 /* stillOpen-Prefix.pch */ = {isa = PBXFileReference; lastKnownFileType = sourcecode.c.h; path = "stillOpen-Prefix.pch"; sourceTree = "<group>"; };
		AB80673115164E5A00BC4CD9 /* AppDelegate.h */ = {isa = PBXFileReference; lastKnownFileType = sourcecode.c.h; name = AppDelegate.h; path = stillOpen/AppDelegate.h; sourceTree = "<group>"; };
		AB80673215164E5A00BC4CD9 /* AppDelegate.m */ = {isa = PBXFileReference; lastKnownFileType = sourcecode.c.objc; name = AppDelegate.m; path = stillOpen/AppDelegate.m; sourceTree = "<group>"; };
		AB80673415164E5A00BC4CD9 /* ViewController.h */ = {isa = PBXFileReference; lastKnownFileType = sourcecode.c.h; path = ViewController.h; sourceTree = "<group>"; };
		AB80673515164E5A00BC4CD9 /* ViewController.m */ = {isa = PBXFileReference; lastKnownFileType = sourcecode.c.objc; path = ViewController.m; sourceTree = "<group>"; };
		AB80673815164E5A00BC4CD9 /* en */ = {isa = PBXFileReference; lastKnownFileType = file.xib; name = en; path = en.lproj/ViewController_iPhone.xib; sourceTree = "<group>"; };
		AB80674215164E5A00BC4CD9 /* stillOpenTests.octest */ = {isa = PBXFileReference; explicitFileType = wrapper.cfbundle; includeInIndex = 0; path = stillOpenTests.octest; sourceTree = BUILT_PRODUCTS_DIR; };
		AB80674315164E5A00BC4CD9 /* SenTestingKit.framework */ = {isa = PBXFileReference; lastKnownFileType = wrapper.framework; name = SenTestingKit.framework; path = Library/Frameworks/SenTestingKit.framework; sourceTree = DEVELOPER_DIR; };
		AB80674B15164E5A00BC4CD9 /* stillOpenTests-Info.plist */ = {isa = PBXFileReference; lastKnownFileType = text.plist.xml; path = "stillOpenTests-Info.plist"; sourceTree = "<group>"; };
		AB80674D15164E5A00BC4CD9 /* en */ = {isa = PBXFileReference; lastKnownFileType = text.plist.strings; name = en; path = en.lproj/InfoPlist.strings; sourceTree = "<group>"; };
		AB80674F15164E5A00BC4CD9 /* stillOpenTests.h */ = {isa = PBXFileReference; lastKnownFileType = sourcecode.c.h; path = stillOpenTests.h; sourceTree = "<group>"; };
		AB80675015164E5A00BC4CD9 /* stillOpenTests.m */ = {isa = PBXFileReference; lastKnownFileType = sourcecode.c.objc; path = stillOpenTests.m; sourceTree = "<group>"; };
		AB80675A15164E7700BC4CD9 /* MapKit.framework */ = {isa = PBXFileReference; lastKnownFileType = wrapper.framework; name = MapKit.framework; path = System/Library/Frameworks/MapKit.framework; sourceTree = SDKROOT; };
		AB80676015164F3700BC4CD9 /* waffle_logo.png */ = {isa = PBXFileReference; lastKnownFileType = image.png; path = waffle_logo.png; sourceTree = "<group>"; };
		AB80676215164F5E00BC4CD9 /* waffle_logo2.png */ = {isa = PBXFileReference; lastKnownFileType = image.png; path = waffle_logo2.png; sourceTree = "<group>"; };
		AB80676C151650AD00BC4CD9 /* storeAnnotation.h */ = {isa = PBXFileReference; fileEncoding = 4; lastKnownFileType = sourcecode.c.h; name = storeAnnotation.h; path = stillOpen/storeAnnotation.h; sourceTree = "<group>"; };
		AB80676D151650AD00BC4CD9 /* storeAnnotation.m */ = {isa = PBXFileReference; fileEncoding = 4; lastKnownFileType = sourcecode.c.objc; name = storeAnnotation.m; path = stillOpen/storeAnnotation.m; sourceTree = "<group>"; };
		AB84DB8515172A520088DF73 /* Default@2x.png */ = {isa = PBXFileReference; lastKnownFileType = image.png; path = "Default@2x.png"; sourceTree = "<group>"; };
		AB84DB8715172A550088DF73 /* Default.png */ = {isa = PBXFileReference; lastKnownFileType = image.png; path = Default.png; sourceTree = "<group>"; };
		AB8C89E91551692C00359B5E /* requestHTTP.h */ = {isa = PBXFileReference; fileEncoding = 4; lastKnownFileType = sourcecode.c.h; path = requestHTTP.h; sourceTree = "<group>"; };
		AB8C89EA1551692C00359B5E /* requestHTTP.m */ = {isa = PBXFileReference; fileEncoding = 4; lastKnownFileType = sourcecode.c.objc; path = requestHTTP.m; sourceTree = "<group>"; };
		ABAA1EF215175D1400C315E6 /* orangePin.png */ = {isa = PBXFileReference; lastKnownFileType = image.png; path = orangePin.png; sourceTree = "<group>"; };
		ABED196B151B61110012580A /* CoreLocation.framework */ = {isa = PBXFileReference; lastKnownFileType = wrapper.framework; name = CoreLocation.framework; path = System/Library/Frameworks/CoreLocation.framework; sourceTree = SDKROOT; };
/* End PBXFileReference section */

/* Begin PBXFrameworksBuildPhase section */
		AB80671B15164E5A00BC4CD9 /* Frameworks */ = {
			isa = PBXFrameworksBuildPhase;
			buildActionMask = 2147483647;
			files = (
				ABED196C151B61110012580A /* CoreLocation.framework in Frameworks */,
				AB80675B15164E7700BC4CD9 /* MapKit.framework in Frameworks */,
				AB80672315164E5A00BC4CD9 /* UIKit.framework in Frameworks */,
				AB80672515164E5A00BC4CD9 /* Foundation.framework in Frameworks */,
				AB80672715164E5A00BC4CD9 /* CoreGraphics.framework in Frameworks */,
			);
			runOnlyForDeploymentPostprocessing = 0;
		};
		AB80673E15164E5A00BC4CD9 /* Frameworks */ = {
			isa = PBXFrameworksBuildPhase;
			buildActionMask = 2147483647;
			files = (
				AB80674415164E5A00BC4CD9 /* SenTestingKit.framework in Frameworks */,
				AB80674515164E5A00BC4CD9 /* UIKit.framework in Frameworks */,
				AB80674615164E5A00BC4CD9 /* Foundation.framework in Frameworks */,
			);
			runOnlyForDeploymentPostprocessing = 0;
		};
/* End PBXFrameworksBuildPhase section */

/* Begin PBXGroup section */
		AB33B0FB15564BB400F03589 /* messageController */ = {
			isa = PBXGroup;
			children = (
				AB6CA899151C1BE600B14B5C /* SlidingMessageViewController.h */,
				AB6CA89A151C1BE600B14B5C /* SlidingMessageViewController.m */,
				AB49D718151EEB4100EB2E0D /* menuViewController.h */,
				AB49D719151EEB4100EB2E0D /* menuViewController.m */,
				AB3F35B31555111800E089B7 /* annotationDetailViewer.h */,
				AB3F35B41555111800E089B7 /* annotationDetailViewer.m */,
				AB3C917A15564C380083FE0B /* messageBoxViewController.h */,
				AB3C917B15564C380083FE0B /* messageBoxViewController.m */,
				AB3F2B521559102A007B5FFD /* newCafeAddWindow.h */,
				AB3F2B531559102A007B5FFD /* newCafeAddWindow.m */,
			);
			name = messageController;
			sourceTree = "<group>";
		};
		AB80671315164E5900BC4CD9 = {
			isa = PBXGroup;
			children = (
				AB80672815164E5A00BC4CD9 /* stillOpen */,
				AB80674915164E5A00BC4CD9 /* stillOpenTests */,
				AB80672115164E5A00BC4CD9 /* Frameworks */,
				AB80671F15164E5A00BC4CD9 /* Products */,
			);
			sourceTree = "<group>";
		};
		AB80671F15164E5A00BC4CD9 /* Products */ = {
			isa = PBXGroup;
			children = (
				AB80671E15164E5A00BC4CD9 /* stillOpen.app */,
				AB80674215164E5A00BC4CD9 /* stillOpenTests.octest */,
			);
			name = Products;
			sourceTree = "<group>";
		};
		AB80672115164E5A00BC4CD9 /* Frameworks */ = {
			isa = PBXGroup;
			children = (
				ABED196B151B61110012580A /* CoreLocation.framework */,
				AB80675A15164E7700BC4CD9 /* MapKit.framework */,
				AB80672215164E5A00BC4CD9 /* UIKit.framework */,
				AB80672415164E5A00BC4CD9 /* Foundation.framework */,
				AB80672615164E5A00BC4CD9 /* CoreGraphics.framework */,
				AB80674315164E5A00BC4CD9 /* SenTestingKit.framework */,
			);
			name = Frameworks;
			sourceTree = "<group>";
		};
		AB80672815164E5A00BC4CD9 /* stillOpen */ = {
			isa = PBXGroup;
			children = (
				ABED1959151B55DA0012580A /* etCetera */,
				AB33B0FB15564BB400F03589 /* messageController */,
				AB80673415164E5A00BC4CD9 /* ViewController.h */,
				AB80673515164E5A00BC4CD9 /* ViewController.m */,
				AB80673715164E5A00BC4CD9 /* ViewController_iPhone.xib */,
			);
			path = stillOpen;
			sourceTree = "<group>";
		};
		AB80672915164E5A00BC4CD9 /* Supporting Files */ = {
			isa = PBXGroup;
			children = (
				AB80672A15164E5A00BC4CD9 /* stillOpen-Info.plist */,
				AB80672B15164E5A00BC4CD9 /* InfoPlist.strings */,
				AB80672E15164E5A00BC4CD9 /* main.m */,
				AB80673015164E5A00BC4CD9 /* stillOpen-Prefix.pch */,
			);
			name = "Supporting Files";
			path = stillOpen;
			sourceTree = "<group>";
		};
		AB80674915164E5A00BC4CD9 /* stillOpenTests */ = {
			isa = PBXGroup;
			children = (
				AB80674F15164E5A00BC4CD9 /* stillOpenTests.h */,
				AB80675015164E5A00BC4CD9 /* stillOpenTests.m */,
				AB80674A15164E5A00BC4CD9 /* Supporting Files */,
			);
			path = stillOpenTests;
			sourceTree = "<group>";
		};
		AB80674A15164E5A00BC4CD9 /* Supporting Files */ = {
			isa = PBXGroup;
			children = (
				AB80674B15164E5A00BC4CD9 /* stillOpenTests-Info.plist */,
				AB80674C15164E5A00BC4CD9 /* InfoPlist.strings */,
			);
			name = "Supporting Files";
			sourceTree = "<group>";
		};
		AB84DB84151729F20088DF73 /* imagesAndFonts */ = {
			isa = PBXGroup;
			children = (
				ABAA1EF215175D1400C315E6 /* orangePin.png */,
				AB84DB8715172A550088DF73 /* Default.png */,
				AB84DB8515172A520088DF73 /* Default@2x.png */,
				AB149FE61552C58600E6D405 /* plusIcon.png */,
				AB149FEB1552C6C900E6D405 /* clockIcon.png */,
				AB149FE71552C58600E6D405 /* questionIcon.png */,
				AB80676215164F5E00BC4CD9 /* waffle_logo2.png */,
				AB80676015164F3700BC4CD9 /* waffle_logo.png */,
			);
			name = imagesAndFonts;
			sourceTree = "<group>";
		};
		ABED1959151B55DA0012580A /* etCetera */ = {
			isa = PBXGroup;
			children = (
				AB84DB84151729F20088DF73 /* imagesAndFonts */,
				AB8C89E91551692C00359B5E /* requestHTTP.h */,
				AB0075A21557E1FB00C9B5C8 /* wifiWhiteIcon.png */,
				AB0075A61557E6A300C9B5C8 /* toiletIcon.png */,
				AB8C89EA1551692C00359B5E /* requestHTTP.m */,
				AB80676C151650AD00BC4CD9 /* storeAnnotation.h */,
				AB80676D151650AD00BC4CD9 /* storeAnnotation.m */,
				AB80672915164E5A00BC4CD9 /* Supporting Files */,
				AB80673115164E5A00BC4CD9 /* AppDelegate.h */,
				AB80673215164E5A00BC4CD9 /* AppDelegate.m */,
			);
			name = etCetera;
			path = ..;
			sourceTree = "<group>";
		};
/* End PBXGroup section */

/* Begin PBXNativeTarget section */
		AB80671D15164E5A00BC4CD9 /* stillOpen */ = {
			isa = PBXNativeTarget;
			buildConfigurationList = AB80675415164E5A00BC4CD9 /* Build configuration list for PBXNativeTarget "stillOpen" */;
			buildPhases = (
				AB80671A15164E5A00BC4CD9 /* Sources */,
				AB80671B15164E5A00BC4CD9 /* Frameworks */,
				AB80671C15164E5A00BC4CD9 /* Resources */,
			);
			buildRules = (
			);
			dependencies = (
			);
			name = stillOpen;
			productName = stillOpen;
			productReference = AB80671E15164E5A00BC4CD9 /* stillOpen.app */;
			productType = "com.apple.product-type.application";
		};
		AB80674115164E5A00BC4CD9 /* stillOpenTests */ = {
			isa = PBXNativeTarget;
			buildConfigurationList = AB80675715164E5A00BC4CD9 /* Build configuration list for PBXNativeTarget "stillOpenTests" */;
			buildPhases = (
				AB80673D15164E5A00BC4CD9 /* Sources */,
				AB80673E15164E5A00BC4CD9 /* Frameworks */,
				AB80673F15164E5A00BC4CD9 /* Resources */,
				AB80674015164E5A00BC4CD9 /* ShellScript */,
			);
			buildRules = (
			);
			dependencies = (
				AB80674815164E5A00BC4CD9 /* PBXTargetDependency */,
			);
			name = stillOpenTests;
			productName = stillOpenTests;
			productReference = AB80674215164E5A00BC4CD9 /* stillOpenTests.octest */;
			productType = "com.apple.product-type.bundle";
		};
/* End PBXNativeTarget section */

/* Begin PBXProject section */
		AB80671515164E5900BC4CD9 /* Project object */ = {
			isa = PBXProject;
			attributes = {
				LastUpgradeCheck = 0420;
				ORGANIZATIONNAME = "Seoul National University";
			};
			buildConfigurationList = AB80671815164E5900BC4CD9 /* Build configuration list for PBXProject "stillOpen" */;
			compatibilityVersion = "Xcode 3.2";
			developmentRegion = English;
			hasScannedForEncodings = 0;
			knownRegions = (
				en,
			);
			mainGroup = AB80671315164E5900BC4CD9;
			productRefGroup = AB80671F15164E5A00BC4CD9 /* Products */;
			projectDirPath = "";
			projectRoot = "";
			targets = (
				AB80671D15164E5A00BC4CD9 /* stillOpen */,
				AB80674115164E5A00BC4CD9 /* stillOpenTests */,
			);
		};
/* End PBXProject section */

/* Begin PBXResourcesBuildPhase section */
		AB80671C15164E5A00BC4CD9 /* Resources */ = {
			isa = PBXResourcesBuildPhase;
			buildActionMask = 2147483647;
			files = (
				AB80672D15164E5A00BC4CD9 /* InfoPlist.strings in Resources */,
				AB80673915164E5A00BC4CD9 /* ViewController_iPhone.xib in Resources */,
				AB80676115164F3700BC4CD9 /* waffle_logo.png in Resources */,
				AB80676315164F5E00BC4CD9 /* waffle_logo2.png in Resources */,
				ABAA1EF315175D1400C315E6 /* orangePin.png in Resources */,
				AB6EAE3215181E29005D8415 /* Default@2x.png in Resources */,
				AB6EAE3315181E2E005D8415 /* Default.png in Resources */,
				AB149FE91552C58600E6D405 /* plusIcon.png in Resources */,
				AB149FEA1552C58600E6D405 /* questionIcon.png in Resources */,
				AB149FEC1552C6C900E6D405 /* clockIcon.png in Resources */,
				AB0075A31557E1FB00C9B5C8 /* wifiWhiteIcon.png in Resources */,
				AB0075A71557E6A300C9B5C8 /* toiletIcon.png in Resources */,
			);
			runOnlyForDeploymentPostprocessing = 0;
		};
		AB80673F15164E5A00BC4CD9 /* Resources */ = {
			isa = PBXResourcesBuildPhase;
			buildActionMask = 2147483647;
			files = (
				AB80674E15164E5A00BC4CD9 /* InfoPlist.strings in Resources */,
			);
			runOnlyForDeploymentPostprocessing = 0;
		};
/* End PBXResourcesBuildPhase section */

/* Begin PBXShellScriptBuildPhase section */
		AB80674015164E5A00BC4CD9 /* ShellScript */ = {
			isa = PBXShellScriptBuildPhase;
			buildActionMask = 2147483647;
			files = (
			);
			inputPaths = (
			);
			outputPaths = (
			);
			runOnlyForDeploymentPostprocessing = 0;
			shellPath = /bin/sh;
			shellScript = "# Run the unit tests in this test bundle.\n\"${SYSTEM_DEVELOPER_DIR}/Tools/RunUnitTests\"\n";
		};
/* End PBXShellScriptBuildPhase section */

/* Begin PBXSourcesBuildPhase section */
		AB80671A15164E5A00BC4CD9 /* Sources */ = {
			isa = PBXSourcesBuildPhase;
			buildActionMask = 2147483647;
			files = (
				AB80672F15164E5A00BC4CD9 /* main.m in Sources */,
				AB80673315164E5A00BC4CD9 /* AppDelegate.m in Sources */,
				AB80673615164E5A00BC4CD9 /* ViewController.m in Sources */,
				AB80676E151650AD00BC4CD9 /* storeAnnotation.m in Sources */,
				AB6CA89B151C1BE600B14B5C /* SlidingMessageViewController.m in Sources */,
				AB49D71A151EEB4100EB2E0D /* menuViewController.m in Sources */,
				AB8C89EB1551692C00359B5E /* requestHTTP.m in Sources */,
				AB3F35B51555111800E089B7 /* annotationDetailViewer.m in Sources */,
				AB3C917C15564C380083FE0B /* messageBoxViewController.m in Sources */,
				AB3F2B541559102A007B5FFD /* newCafeAddWindow.m in Sources */,
			);
			runOnlyForDeploymentPostprocessing = 0;
		};
		AB80673D15164E5A00BC4CD9 /* Sources */ = {
			isa = PBXSourcesBuildPhase;
			buildActionMask = 2147483647;
			files = (
				AB80675115164E5A00BC4CD9 /* stillOpenTests.m in Sources */,
			);
			runOnlyForDeploymentPostprocessing = 0;
		};
/* End PBXSourcesBuildPhase section */

/* Begin PBXTargetDependency section */
		AB80674815164E5A00BC4CD9 /* PBXTargetDependency */ = {
			isa = PBXTargetDependency;
			target = AB80671D15164E5A00BC4CD9 /* stillOpen */;
			targetProxy = AB80674715164E5A00BC4CD9 /* PBXContainerItemProxy */;
		};
/* End PBXTargetDependency section */

/* Begin PBXVariantGroup section */
		AB80672B15164E5A00BC4CD9 /* InfoPlist.strings */ = {
			isa = PBXVariantGroup;
			children = (
				AB80672C15164E5A00BC4CD9 /* en */,
			);
			name = InfoPlist.strings;
			sourceTree = "<group>";
		};
		AB80673715164E5A00BC4CD9 /* ViewController_iPhone.xib */ = {
			isa = PBXVariantGroup;
			children = (
				AB80673815164E5A00BC4CD9 /* en */,
			);
			name = ViewController_iPhone.xib;
			sourceTree = "<group>";
		};
		AB80674C15164E5A00BC4CD9 /* InfoPlist.strings */ = {
			isa = PBXVariantGroup;
			children = (
				AB80674D15164E5A00BC4CD9 /* en */,
			);
			name = InfoPlist.strings;
			sourceTree = "<group>";
		};
/* End PBXVariantGroup section */

/* Begin XCBuildConfiguration section */
		AB80675215164E5A00BC4CD9 /* Debug */ = {
			isa = XCBuildConfiguration;
			buildSettings = {
				ALWAYS_SEARCH_USER_PATHS = NO;
				ARCHS = "$(ARCHS_STANDARD_32_BIT)";
				CLANG_ENABLE_OBJC_ARC = YES;
				"CODE_SIGN_IDENTITY[sdk=iphoneos*]" = "iPhone Developer";
				COPY_PHASE_STRIP = NO;
				GCC_C_LANGUAGE_STANDARD = gnu99;
				GCC_DYNAMIC_NO_PIC = NO;
				GCC_OPTIMIZATION_LEVEL = 0;
				GCC_PREPROCESSOR_DEFINITIONS = (
					"DEBUG=1",
					"$(inherited)",
				);
				GCC_SYMBOLS_PRIVATE_EXTERN = NO;
				GCC_VERSION = com.apple.compilers.llvm.clang.1_0;
				GCC_WARN_ABOUT_MISSING_PROTOTYPES = YES;
				GCC_WARN_ABOUT_RETURN_TYPE = YES;
				GCC_WARN_UNUSED_VARIABLE = YES;
				IPHONEOS_DEPLOYMENT_TARGET = 5.0;
				SDKROOT = iphoneos;
				TARGETED_DEVICE_FAMILY = "1,2";
			};
			name = Debug;
		};
		AB80675315164E5A00BC4CD9 /* Release */ = {
			isa = XCBuildConfiguration;
			buildSettings = {
				ALWAYS_SEARCH_USER_PATHS = NO;
				ARCHS = "$(ARCHS_STANDARD_32_BIT)";
				CLANG_ENABLE_OBJC_ARC = YES;
				"CODE_SIGN_IDENTITY[sdk=iphoneos*]" = "iPhone Developer";
				COPY_PHASE_STRIP = YES;
				GCC_C_LANGUAGE_STANDARD = gnu99;
				GCC_VERSION = com.apple.compilers.llvm.clang.1_0;
				GCC_WARN_ABOUT_MISSING_PROTOTYPES = YES;
				GCC_WARN_ABOUT_RETURN_TYPE = YES;
				GCC_WARN_UNUSED_VARIABLE = YES;
				IPHONEOS_DEPLOYMENT_TARGET = 5.0;
				OTHER_CFLAGS = "-DNS_BLOCK_ASSERTIONS=1";
				SDKROOT = iphoneos;
				TARGETED_DEVICE_FAMILY = "1,2";
				VALIDATE_PRODUCT = YES;
			};
			name = Release;
		};
		AB80675515164E5A00BC4CD9 /* Debug */ = {
			isa = XCBuildConfiguration;
			buildSettings = {
				GCC_PRECOMPILE_PREFIX_HEADER = YES;
				GCC_PREFIX_HEADER = "stillOpen/stillOpen-Prefix.pch";
				INFOPLIST_FILE = "stillOpen/stillOpen-Info.plist";
				IPHONEOS_DEPLOYMENT_TARGET = 5.0;
				PRODUCT_NAME = "$(TARGET_NAME)";
				WRAPPER_EXTENSION = app;
			};
			name = Debug;
		};
		AB80675615164E5A00BC4CD9 /* Release */ = {
			isa = XCBuildConfiguration;
			buildSettings = {
				GCC_PRECOMPILE_PREFIX_HEADER = YES;
				GCC_PREFIX_HEADER = "stillOpen/stillOpen-Prefix.pch";
				INFOPLIST_FILE = "stillOpen/stillOpen-Info.plist";
				IPHONEOS_DEPLOYMENT_TARGET = 5.0;
				PRODUCT_NAME = "$(TARGET_NAME)";
				WRAPPER_EXTENSION = app;
			};
			name = Release;
		};
		AB80675815164E5A00BC4CD9 /* Debug */ = {
			isa = XCBuildConfiguration;
			buildSettings = {
				BUNDLE_LOADER = "$(BUILT_PRODUCTS_DIR)/stillOpen.app/stillOpen";
				FRAMEWORK_SEARCH_PATHS = (
					"$(SDKROOT)/Developer/Library/Frameworks",
					"$(DEVELOPER_LIBRARY_DIR)/Frameworks",
				);
				GCC_PRECOMPILE_PREFIX_HEADER = YES;
				GCC_PREFIX_HEADER = "stillOpen/stillOpen-Prefix.pch";
				INFOPLIST_FILE = "stillOpenTests/stillOpenTests-Info.plist";
				PRODUCT_NAME = "$(TARGET_NAME)";
				TEST_HOST = "$(BUNDLE_LOADER)";
				WRAPPER_EXTENSION = octest;
			};
			name = Debug;
		};
		AB80675915164E5A00BC4CD9 /* Release */ = {
			isa = XCBuildConfiguration;
			buildSettings = {
				BUNDLE_LOADER = "$(BUILT_PRODUCTS_DIR)/stillOpen.app/stillOpen";
				FRAMEWORK_SEARCH_PATHS = (
					"$(SDKROOT)/Developer/Library/Frameworks",
					"$(DEVELOPER_LIBRARY_DIR)/Frameworks",
				);
				GCC_PRECOMPILE_PREFIX_HEADER = YES;
				GCC_PREFIX_HEADER = "stillOpen/stillOpen-Prefix.pch";
				INFOPLIST_FILE = "stillOpenTests/stillOpenTests-Info.plist";
				PRODUCT_NAME = "$(TARGET_NAME)";
				TEST_HOST = "$(BUNDLE_LOADER)";
				WRAPPER_EXTENSION = octest;
			};
			name = Release;
		};
/* End XCBuildConfiguration section */

/* Begin XCConfigurationList section */
		AB80671815164E5900BC4CD9 /* Build configuration list for PBXProject "stillOpen" */ = {
			isa = XCConfigurationList;
			buildConfigurations = (
				AB80675215164E5A00BC4CD9 /* Debug */,
				AB80675315164E5A00BC4CD9 /* Release */,
			);
			defaultConfigurationIsVisible = 0;
			defaultConfigurationName = Release;
		};
		AB80675415164E5A00BC4CD9 /* Build configuration list for PBXNativeTarget "stillOpen" */ = {
			isa = XCConfigurationList;
			buildConfigurations = (
				AB80675515164E5A00BC4CD9 /* Debug */,
				AB80675615164E5A00BC4CD9 /* Release */,
			);
			defaultConfigurationIsVisible = 0;
			defaultConfigurationName = Release;
		};
		AB80675715164E5A00BC4CD9 /* Build configuration list for PBXNativeTarget "stillOpenTests" */ = {
			isa = XCConfigurationList;
			buildConfigurations = (
				AB80675815164E5A00BC4CD9 /* Debug */,
				AB80675915164E5A00BC4CD9 /* Release */,
			);
			defaultConfigurationIsVisible = 0;
			defaultConfigurationName = Release;
		};
/* End XCConfigurationList section */
	};
	rootObject = AB80671515164E5900BC4CD9 /* Project object */;
}
